
Microsoft Visual Studio Solution File, Format Version 12.00
# Visual Studio Version 16
VisualStudioVersion = 16.0.30907.101
MinimumVisualStudioVersion = 10.0.40219.1
Project("{9A19103F-16F7-4668-BE54-9A1E7A4F7556}") = "DAL", "DAL\DAL.csproj", "{C6CA6D3B-DE51-41CA-A7EB-51B18B7D9234}"
EndProject
Project("{9A19103F-16F7-4668-BE54-9A1E7A4F7556}") = "BL", "BL\BL.csproj", "{6E7EE85F-A69A-4B52-BDC6-17CA92FAE5BE}"
EndProject
Project("{FAE04EC0-301F-11D3-BF4B-00C04F79EFBC}") = "PhoneBookAPI", "PhoneBookAPI\PhoneBookAPI.csproj", "{2208FC10-3842-4386-9A9B-A72B9721E270}"
EndProject
Global
	GlobalSection(SolutionConfigurationPlatforms) = preSolution
		Debug|Any CPU = Debug|Any CPU
		Release|Any CPU = Release|Any CPU
	EndGlobalSection
	GlobalSection(ProjectConfigurationPlatforms) = postSolution
		{C6CA6D3B-DE51-41CA-A7EB-51B18B7D9234}.Debug|Any CPU.ActiveCfg = Debug|Any CPU
		{C6CA6D3B-DE51-41CA-A7EB-51B18B7D9234}.Debug|Any CPU.Build.0 = Debug|Any CPU
		{C6CA6D3B-DE51-41CA-A7EB-51B18B7D9234}.Release|Any CPU.ActiveCfg = Release|Any CPU
		{C6CA6D3B-DE51-41CA-A7EB-51B18B7D9234}.Release|Any CPU.Build.0 = Release|Any CPU
		{6E7EE85F-A69A-4B52-BDC6-17CA92FAE5BE}.Debug|Any CPU.ActiveCfg = Debug|Any CPU
		{6E7EE85F-A69A-4B52-BDC6-17CA92FAE5BE}.Debug|Any CPU.Build.0 = Debug|Any CPU
		{6E7EE85F-A69A-4B52-BDC6-17CA92FAE5BE}.Release|Any CPU.ActiveCfg = Release|Any CPU
		{6E7EE85F-A69A-4B52-BDC6-17CA92FAE5BE}.Release|Any CPU.Build.0 = Release|Any CPU
		{2208FC10-3842-4386-9A9B-A72B9721E270}.Debug|Any CPU.ActiveCfg = Debug|Any CPU
		{2208FC10-3842-4386-9A9B-A72B9721E270}.Debug|Any CPU.Build.0 = Debug|Any CPU
		{2208FC10-3842-4386-9A9B-A72B9721E270}.Release|Any CPU.ActiveCfg = Release|Any CPU
		{2208FC10-3842-4386-9A9B-A72B9721E270}.Release|Any CPU.Build.0 = Release|Any CPU
	EndGlobalSection
	GlobalSection(SolutionProperties) = preSolution
		HideSolutionNode = FALSE
	EndGlobalSection
	GlobalSection(ExtensibilityGlobals) = postSolution
		SolutionGuid = {1502C1BD-A754-421A-A541-25A7025A8111}
	EndGlobalSection
EndGlobal
